<Solution>
  <Project Path="session1_day4/session1_day4.csproj" Id="aab2144c-bd8d-4054-90a0-6a44bf7a9514" />
  <Project Path="task 2/task 2.csproj" Id="9c6591d8-a550-4cc1-9a75-db81f583a2d5" />
  <Project Path="Task1/Task1.csproj" Id="e40ad821-9319-44a0-9d19-c500b059e24b" />
  <Project Path="task3/task3.csproj" Id="5513f345-4ffc-469b-a10c-fe75186bb676" />
</Solution>
